
Microsoft Visual Studio Solution File, Format Version 12.00
# Visual Studio Version 17
VisualStudioVersion = 17.2.32630.192
MinimumVisualStudioVersion = 10.0.40219.1
Project("{FAE04EC0-301F-11D3-BF4B-00C04F79EFBC}") = "AirQualityWebApp", "AirQualityWebApp\AirQualityWebApp.csproj", "{2C9BAFFC-F55F-408A-8C6B-63303956E399}"
EndProject
Project("{FAE04EC0-301F-11D3-BF4B-00C04F79EFBC}") = "AirQualityService", "AirQualityService\AirQualityService.csproj", "{F04FD267-AA35-494C-987F-8A3DDC1C1B05}"
EndProject
Global
	GlobalSection(SolutionConfigurationPlatforms) = preSolution
		Debug|Any CPU = Debug|Any CPU
		Release|Any CPU = Release|Any CPU
	EndGlobalSection
	GlobalSection(ProjectConfigurationPlatforms) = postSolution
		{2C9BAFFC-F55F-408A-8C6B-63303956E399}.Debug|Any CPU.ActiveCfg = Debug|Any CPU
		{2C9BAFFC-F55F-408A-8C6B-63303956E399}.Debug|Any CPU.Build.0 = Debug|Any CPU
		{2C9BAFFC-F55F-408A-8C6B-63303956E399}.Release|Any CPU.ActiveCfg = Release|Any CPU
		{2C9BAFFC-F55F-408A-8C6B-63303956E399}.Release|Any CPU.Build.0 = Release|Any CPU
		{F04FD267-AA35-494C-987F-8A3DDC1C1B05}.Debug|Any CPU.ActiveCfg = Debug|Any CPU
		{F04FD267-AA35-494C-987F-8A3DDC1C1B05}.Debug|Any CPU.Build.0 = Debug|Any CPU
		{F04FD267-AA35-494C-987F-8A3DDC1C1B05}.Release|Any CPU.ActiveCfg = Release|Any CPU
		{F04FD267-AA35-494C-987F-8A3DDC1C1B05}.Release|Any CPU.Build.0 = Release|Any CPU
	EndGlobalSection
	GlobalSection(SolutionProperties) = preSolution
		HideSolutionNode = FALSE
	EndGlobalSection
	GlobalSection(ExtensibilityGlobals) = postSolution
		SolutionGuid = {6F5B3E53-DF93-4716-8E87-C82203605D4E}
	EndGlobalSection
EndGlobal
